
Microsoft Visual Studio Solution File, Format Version 12.00
# Visual Studio 15
VisualStudioVersion = 15.0.27130.2036
MinimumVisualStudioVersion = 10.0.40219.1
Project("{9092AA53-FB77-4645-B42D-1CCCA6BD08BD}") = "Web", "Web\Web.njsproj", "{50048EC2-A05C-4E99-BCAD-2E8B734DB4A1}"
EndProject
Project("{2150E333-8FDC-42A3-9474-1A3956D46DE8}") = "Solution Items", "Solution Items", "{94886F8E-29E6-4875-9EE8-EB19CC3DA3CA}"
	ProjectSection(SolutionItems) = preProject
		Jenkinsfile = Jenkinsfile
		README.md = README.md
	EndProjectSection
EndProject
Project("{9092AA53-FB77-4645-B42D-1CCCA6BD08BD}") = "UnitTest", "UnitTest\UnitTest.njsproj", "{18D46574-62BF-40D8-AD55-984FA7BBE3C3}"
EndProject
Project("{9092AA53-FB77-4645-B42D-1CCCA6BD08BD}") = "CucumberTests", "CucumberTests\CucumberTests.njsproj", "{A5D781BE-949F-4D1C-A1DE-1E893FEB5727}"
EndProject
Global
	GlobalSection(SolutionConfigurationPlatforms) = preSolution
		Debug|Any CPU = Debug|Any CPU
		Release|Any CPU = Release|Any CPU
	EndGlobalSection
	GlobalSection(ProjectConfigurationPlatforms) = postSolution
		{50048EC2-A05C-4E99-BCAD-2E8B734DB4A1}.Debug|Any CPU.ActiveCfg = Debug|Any CPU
		{50048EC2-A05C-4E99-BCAD-2E8B734DB4A1}.Debug|Any CPU.Build.0 = Debug|Any CPU
		{50048EC2-A05C-4E99-BCAD-2E8B734DB4A1}.Release|Any CPU.ActiveCfg = Release|Any CPU
		{50048EC2-A05C-4E99-BCAD-2E8B734DB4A1}.Release|Any CPU.Build.0 = Release|Any CPU
		{18D46574-62BF-40D8-AD55-984FA7BBE3C3}.Debug|Any CPU.ActiveCfg = Debug|Any CPU
		{18D46574-62BF-40D8-AD55-984FA7BBE3C3}.Debug|Any CPU.Build.0 = Debug|Any CPU
		{18D46574-62BF-40D8-AD55-984FA7BBE3C3}.Release|Any CPU.ActiveCfg = Release|Any CPU
		{18D46574-62BF-40D8-AD55-984FA7BBE3C3}.Release|Any CPU.Build.0 = Release|Any CPU
		{A5D781BE-949F-4D1C-A1DE-1E893FEB5727}.Debug|Any CPU.ActiveCfg = Debug|Any CPU
		{A5D781BE-949F-4D1C-A1DE-1E893FEB5727}.Debug|Any CPU.Build.0 = Debug|Any CPU
		{A5D781BE-949F-4D1C-A1DE-1E893FEB5727}.Release|Any CPU.ActiveCfg = Release|Any CPU
		{A5D781BE-949F-4D1C-A1DE-1E893FEB5727}.Release|Any CPU.Build.0 = Release|Any CPU
	EndGlobalSection
	GlobalSection(SolutionProperties) = preSolution
		HideSolutionNode = FALSE
	EndGlobalSection
	GlobalSection(ExtensibilityGlobals) = postSolution
		SolutionGuid = {44562F73-AB58-49CA-90F7-A371E395A607}
	EndGlobalSection
EndGlobal
